{
    "_readme": [
        "This file locks the dependencies of your project to a known state",
        "Read more about it at https://getcomposer.org/doc/01-basic-usage.md#installing-dependencies",
        "This file is @generated automatically"
    ],
    "content-hash": "d29ba75d77dc509b9942a1b88b28416c",
    "packages": [
        {
            "name": "zapj/zap-php-framework",
            "version": "dev-main",
            "source": {
                "type": "git",
                "url": "https://github.com/zapj/zap-php-framework.git",
                "reference": "137b1af42d4ab5c02698393cd3d8b77a26596971"
            },
            "dist": {
                "type": "zip",
                "url": "https://api.github.com/repos/zapj/zap-php-framework/zipball/137b1af42d4ab5c02698393cd3d8b77a26596971",
                "reference": "137b1af42d4ab5c02698393cd3d8b77a26596971",
                "shasum": ""
            },
            "require": {
                "ext-curl": "*",
                "ext-dom": "*",
                "ext-json": "*",
                "ext-mbstring": "*",
                "ext-openssl": "*",
                "ext-pdo": "*",
                "ext-simplexml": "*",
                "php": ">=7.1.0"
            },
            "default-branch": true,
            "type": "library",
            "autoload": {
                "files": [
                    "src/functions.php"
                ],
                "psr-4": {
                    "zap\\": "src/"
                }
            },
            "notification-url": "https://packagist.org/downloads/",
            "license": [
                "MIT"
            ],
            "authors": [
                {
                    "name": "z",
                    "email": "z@zap.cn"
                }
            ],
            "description": "zap php framework",
            "support": {
                "issues": "https://github.com/zapj/zap-php-framework/issues",
                "source": "https://github.com/zapj/zap-php-framework/tree/main"
            },
            "time": "2023-08-30T08:46:08+00:00"
        }
    ],
    "packages-dev": [],
    "aliases": [],
    "minimum-stability": "stable",
    "stability-flags": {
        "zapj/zap-php-framework": 20
    },
    "prefer-stable": false,
    "prefer-lowest": false,
    "platform": {
        "ext-pdo": "*"
    },
    "platform-dev": [],
    "plugin-api-version": "2.3.0"
}
